// !$*UTF8*$!
{
	archiveVersion = 1;
	classes = {
	};
	objectVersion = 56;
	objects = {

/* Begin PBXBuildFile section */
		232B1B9C2C8A478C00747136 /* AppDelegate.swift in Sources */ = {isa = PBXBuildFile; fileRef = 232B1B9B2C8A478C00747136 /* AppDelegate.swift */; };
		232B1B9E2C8A478C00747136 /* SceneDelegate.swift in Sources */ = {isa = PBXBuildFile; fileRef = 232B1B9D2C8A478C00747136 /* SceneDelegate.swift */; };
		232B1BA52C8A478E00747136 /* Assets.xcassets in Resources */ = {isa = PBXBuildFile; fileRef = 232B1BA42C8A478E00747136 /* Assets.xcassets */; };
		232B1BA82C8A478E00747136 /* Base in Resources */ = {isa = PBXBuildFile; fileRef = 232B1BA72C8A478E00747136 /* Base */; };
		232B1BBB2C8C2DB500747136 /* TabbarController.swift in Sources */ = {isa = PBXBuildFile; fileRef = 232B1BBA2C8C2DB500747136 /* TabbarController.swift */; };
		23C43BBF2C8C4A160005D948 /* DataFace in Frameworks */ = {isa = PBXBuildFile; productRef = 23C43BBE2C8C4A160005D948 /* DataFace */; };
		23C43BC12C8C4A1A0005D948 /* Epoxy in Frameworks */ = {isa = PBXBuildFile; productRef = 23C43BC02C8C4A1A0005D948 /* Epoxy */; };
		23C43BC52C8C5E090005D948 /* CustomLabel.swift in Sources */ = {isa = PBXBuildFile; fileRef = 23C43BC42C8C5E090005D948 /* CustomLabel.swift */; };
		23C43BC82C8C6FE30005D948 /* Showcase.json in Resources */ = {isa = PBXBuildFile; fileRef = 23C43BC72C8C6FE30005D948 /* Showcase.json */; };
		23C43BCA2C8C92FE0005D948 /* CustomItemsFactory.swift in Sources */ = {isa = PBXBuildFile; fileRef = 23C43BC92C8C92FE0005D948 /* CustomItemsFactory.swift */; };
/* End PBXBuildFile section */

/* Begin PBXFileReference section */
		232B1B982C8A478C00747136 /* DataFaceExample.app */ = {isa = PBXFileReference; explicitFileType = wrapper.application; includeInIndex = 0; path = DataFaceExample.app; sourceTree = BUILT_PRODUCTS_DIR; };
		232B1B9B2C8A478C00747136 /* AppDelegate.swift */ = {isa = PBXFileReference; lastKnownFileType = sourcecode.swift; path = AppDelegate.swift; sourceTree = "<group>"; };
		232B1B9D2C8A478C00747136 /* SceneDelegate.swift */ = {isa = PBXFileReference; lastKnownFileType = sourcecode.swift; path = SceneDelegate.swift; sourceTree = "<group>"; };
		232B1BA42C8A478E00747136 /* Assets.xcassets */ = {isa = PBXFileReference; lastKnownFileType = folder.assetcatalog; path = Assets.xcassets; sourceTree = "<group>"; };
		232B1BA72C8A478E00747136 /* Base */ = {isa = PBXFileReference; lastKnownFileType = file.storyboard; name = Base; path = Base.lproj/LaunchScreen.storyboard; sourceTree = "<group>"; };
		232B1BA92C8A478E00747136 /* Info.plist */ = {isa = PBXFileReference; lastKnownFileType = text.plist.xml; path = Info.plist; sourceTree = "<group>"; };
		232B1BBA2C8C2DB500747136 /* TabbarController.swift */ = {isa = PBXFileReference; lastKnownFileType = sourcecode.swift; path = TabbarController.swift; sourceTree = "<group>"; };
		23C43BC42C8C5E090005D948 /* CustomLabel.swift */ = {isa = PBXFileReference; lastKnownFileType = sourcecode.swift; path = CustomLabel.swift; sourceTree = "<group>"; };
		23C43BC72C8C6FE30005D948 /* Showcase.json */ = {isa = PBXFileReference; lastKnownFileType = text.json; path = Showcase.json; sourceTree = "<group>"; };
		23C43BC92C8C92FE0005D948 /* CustomItemsFactory.swift */ = {isa = PBXFileReference; lastKnownFileType = sourcecode.swift; path = CustomItemsFactory.swift; sourceTree = "<group>"; };
/* End PBXFileReference section */

/* Begin PBXFrameworksBuildPhase section */
		232B1B952C8A478C00747136 /* Frameworks */ = {
			isa = PBXFrameworksBuildPhase;
			buildActionMask = 2147483647;
			files = (
				23C43BC12C8C4A1A0005D948 /* Epoxy in Frameworks */,
				23C43BBF2C8C4A160005D948 /* DataFace in Frameworks */,
			);
			runOnlyForDeploymentPostprocessing = 0;
		};
/* End PBXFrameworksBuildPhase section */

/* Begin PBXGroup section */
		232B1B8F2C8A478C00747136 = {
			isa = PBXGroup;
			children = (
				232B1B9A2C8A478C00747136 /* DataFaceExample */,
				232B1B992C8A478C00747136 /* Products */,
				232B1BAF2C8A4CC700747136 /* Frameworks */,
			);
			indentWidth = 2;
			sourceTree = "<group>";
			tabWidth = 2;
		};
		232B1B992C8A478C00747136 /* Products */ = {
			isa = PBXGroup;
			children = (
				232B1B982C8A478C00747136 /* DataFaceExample.app */,
			);
			name = Products;
			sourceTree = "<group>";
		};
		232B1B9A2C8A478C00747136 /* DataFaceExample */ = {
			isa = PBXGroup;
			children = (
				232B1BB82C8A527900747136 /* Resources */,
				232B1BB72C8A525800747136 /* Sources */,
			);
			path = DataFaceExample;
			sourceTree = "<group>";
		};
		232B1BAF2C8A4CC700747136 /* Frameworks */ = {
			isa = PBXGroup;
			children = (
			);
			name = Frameworks;
			sourceTree = "<group>";
		};
		232B1BB22C8A508D00747136 /* Application */ = {
			isa = PBXGroup;
			children = (
				232B1B9D2C8A478C00747136 /* SceneDelegate.swift */,
				232B1B9B2C8A478C00747136 /* AppDelegate.swift */,
			);
			path = Application;
			sourceTree = "<group>";
		};
		232B1BB72C8A525800747136 /* Sources */ = {
			isa = PBXGroup;
			children = (
				23C43BC32C8C5D240005D948 /* ViewControllers */,
				23C43BC22C8C5D010005D948 /* Views */,
				232B1BB22C8A508D00747136 /* Application */,
			);
			path = Sources;
			sourceTree = "<group>";
		};
		232B1BB82C8A527900747136 /* Resources */ = {
			isa = PBXGroup;
			children = (
				23C43BC62C8C6FCA0005D948 /* Data */,
				232B1BA92C8A478E00747136 /* Info.plist */,
				232B1BA62C8A478E00747136 /* LaunchScreen.storyboard */,
				232B1BA42C8A478E00747136 /* Assets.xcassets */,
			);
			path = Resources;
			sourceTree = "<group>";
		};
		232B1BB92C8C2D9300747136 /* Tabbar */ = {
			isa = PBXGroup;
			children = (
				232B1BBA2C8C2DB500747136 /* TabbarController.swift */,
				23C43BC92C8C92FE0005D948 /* CustomItemsFactory.swift */,
			);
			path = Tabbar;
			sourceTree = "<group>";
		};
		23C43BC22C8C5D010005D948 /* Views */ = {
			isa = PBXGroup;
			children = (
				23C43BC42C8C5E090005D948 /* CustomLabel.swift */,
			);
			path = Views;
			sourceTree = "<group>";
		};
		23C43BC32C8C5D240005D948 /* ViewControllers */ = {
			isa = PBXGroup;
			children = (
				232B1BB92C8C2D9300747136 /* Tabbar */,
			);
			path = ViewControllers;
			sourceTree = "<group>";
		};
		23C43BC62C8C6FCA0005D948 /* Data */ = {
			isa = PBXGroup;
			children = (
				23C43BC72C8C6FE30005D948 /* Showcase.json */,
			);
			path = Data;
			sourceTree = "<group>";
		};
/* End PBXGroup section */

/* Begin PBXNativeTarget section */
		232B1B972C8A478C00747136 /* DataFaceExample */ = {
			isa = PBXNativeTarget;
			buildConfigurationList = 232B1BAC2C8A478E00747136 /* Build configuration list for PBXNativeTarget "DataFaceExample" */;
			buildPhases = (
				232B1B942C8A478C00747136 /* Sources */,
				232B1B952C8A478C00747136 /* Frameworks */,
				232B1B962C8A478C00747136 /* Resources */,
			);
			buildRules = (
			);
			dependencies = (
			);
			name = DataFaceExample;
			packageProductDependencies = (
				23C43BBE2C8C4A160005D948 /* DataFace */,
				23C43BC02C8C4A1A0005D948 /* Epoxy */,
			);
			productName = DataFaceExample;
			productReference = 232B1B982C8A478C00747136 /* DataFaceExample.app */;
			productType = "com.apple.product-type.application";
		};
/* End PBXNativeTarget section */

/* Begin PBXProject section */
		232B1B902C8A478C00747136 /* Project object */ = {
			isa = PBXProject;
			attributes = {
				BuildIndependentTargetsInParallel = 1;
				LastSwiftUpdateCheck = 1540;
				LastUpgradeCheck = 1540;
				TargetAttributes = {
					232B1B972C8A478C00747136 = {
						CreatedOnToolsVersion = 15.4;
					};
				};
			};
			buildConfigurationList = 232B1B932C8A478C00747136 /* Build configuration list for PBXProject "DataFaceExample" */;
			compatibilityVersion = "Xcode 14.0";
			developmentRegion = en;
			hasScannedForEncodings = 0;
			knownRegions = (
				en,
				Base,
			);
			mainGroup = 232B1B8F2C8A478C00747136;
			packageReferences = (
				23C43BB12C8C338D0005D948 /* XCRemoteSwiftPackageReference "epoxy-ios" */,
			);
			productRefGroup = 232B1B992C8A478C00747136 /* Products */;
			projectDirPath = "";
			projectRoot = "";
			targets = (
				232B1B972C8A478C00747136 /* DataFaceExample */,
			);
		};
/* End PBXProject section */

/* Begin PBXResourcesBuildPhase section */
		232B1B962C8A478C00747136 /* Resources */ = {
			isa = PBXResourcesBuildPhase;
			buildActionMask = 2147483647;
			files = (
				232B1BA52C8A478E00747136 /* Assets.xcassets in Resources */,
				23C43BC82C8C6FE30005D948 /* Showcase.json in Resources */,
				232B1BA82C8A478E00747136 /* Base in Resources */,
			);
			runOnlyForDeploymentPostprocessing = 0;
		};
/* End PBXResourcesBuildPhase section */

/* Begin PBXSourcesBuildPhase section */
		232B1B942C8A478C00747136 /* Sources */ = {
			isa = PBXSourcesBuildPhase;
			buildActionMask = 2147483647;
			files = (
				232B1B9C2C8A478C00747136 /* AppDelegate.swift in Sources */,
				232B1BBB2C8C2DB500747136 /* TabbarController.swift in Sources */,
				23C43BC52C8C5E090005D948 /* CustomLabel.swift in Sources */,
				23C43BCA2C8C92FE0005D948 /* CustomItemsFactory.swift in Sources */,
				232B1B9E2C8A478C00747136 /* SceneDelegate.swift in Sources */,
			);
			runOnlyForDeploymentPostprocessing = 0;
		};
/* End PBXSourcesBuildPhase section */

/* Begin PBXVariantGroup section */
		232B1BA62C8A478E00747136 /* LaunchScreen.storyboard */ = {
			isa = PBXVariantGroup;
			children = (
				232B1BA72C8A478E00747136 /* Base */,
			);
			name = LaunchScreen.storyboard;
			sourceTree = "<group>";
		};
/* End PBXVariantGroup section */

/* Begin XCBuildConfiguration section */
		232B1BAA2C8A478E00747136 /* Debug */ = {
			isa = XCBuildConfiguration;
			buildSettings = {
				ALWAYS_SEARCH_USER_PATHS = NO;
				ASSETCATALOG_COMPILER_GENERATE_SWIFT_ASSET_SYMBOL_EXTENSIONS = YES;
				CLANG_ANALYZER_NONNULL = YES;
				CLANG_ANALYZER_NUMBER_OBJECT_CONVERSION = YES_AGGRESSIVE;
				CLANG_CXX_LANGUAGE_STANDARD = "gnu++20";
				CLANG_ENABLE_MODULES = YES;
				CLANG_ENABLE_OBJC_ARC = YES;
				CLANG_ENABLE_OBJC_WEAK = YES;
				CLANG_WARN_BLOCK_CAPTURE_AUTORELEASING = YES;
				CLANG_WARN_BOOL_CONVERSION = YES;
				CLANG_WARN_COMMA = YES;
				CLANG_WARN_CONSTANT_CONVERSION = YES;
				CLANG_WARN_DEPRECATED_OBJC_IMPLEMENTATIONS = YES;
				CLANG_WARN_DIRECT_OBJC_ISA_USAGE = YES_ERROR;
				CLANG_WARN_DOCUMENTATION_COMMENTS = YES;
				CLANG_WARN_EMPTY_BODY = YES;
				CLANG_WARN_ENUM_CONVERSION = YES;
				CLANG_WARN_INFINITE_RECURSION = YES;
				CLANG_WARN_INT_CONVERSION = YES;
				CLANG_WARN_NON_LITERAL_NULL_CONVERSION = YES;
				CLANG_WARN_OBJC_IMPLICIT_RETAIN_SELF = YES;
				CLANG_WARN_OBJC_LITERAL_CONVERSION = YES;
				CLANG_WARN_OBJC_ROOT_CLASS = YES_ERROR;
				CLANG_WARN_QUOTED_INCLUDE_IN_FRAMEWORK_HEADER = YES;
				CLANG_WARN_RANGE_LOOP_ANALYSIS = YES;
				CLANG_WARN_STRICT_PROTOTYPES = YES;
				CLANG_WARN_SUSPICIOUS_MOVE = YES;
				CLANG_WARN_UNGUARDED_AVAILABILITY = YES_AGGRESSIVE;
				CLANG_WARN_UNREACHABLE_CODE = YES;
				CLANG_WARN__DUPLICATE_METHOD_MATCH = YES;
				COPY_PHASE_STRIP = NO;
				DEBUG_INFORMATION_FORMAT = dwarf;
				ENABLE_STRICT_OBJC_MSGSEND = YES;
				ENABLE_TESTABILITY = YES;
				ENABLE_USER_SCRIPT_SANDBOXING = YES;
				GCC_C_LANGUAGE_STANDARD = gnu17;
				GCC_DYNAMIC_NO_PIC = NO;
				GCC_NO_COMMON_BLOCKS = YES;
				GCC_OPTIMIZATION_LEVEL = 0;
				GCC_PREPROCESSOR_DEFINITIONS = (
					"DEBUG=1",
					"$(inherited)",
				);
				GCC_WARN_64_TO_32_BIT_CONVERSION = YES;
				GCC_WARN_ABOUT_RETURN_TYPE = YES_ERROR;
				GCC_WARN_UNDECLARED_SELECTOR = YES;
				GCC_WARN_UNINITIALIZED_AUTOS = YES_AGGRESSIVE;
				GCC_WARN_UNUSED_FUNCTION = YES;
				GCC_WARN_UNUSED_VARIABLE = YES;
				IPHONEOS_DEPLOYMENT_TARGET = 17.5;
				LOCALIZATION_PREFERS_STRING_CATALOGS = YES;
				MTL_ENABLE_DEBUG_INFO = INCLUDE_SOURCE;
				MTL_FAST_MATH = YES;
				ONLY_ACTIVE_ARCH = YES;
				SDKROOT = iphoneos;
				SWIFT_ACTIVE_COMPILATION_CONDITIONS = "DEBUG $(inherited)";
				SWIFT_OPTIMIZATION_LEVEL = "-Onone";
			};
			name = Debug;
		};
		232B1BAB2C8A478E00747136 /* Release */ = {
			isa = XCBuildConfiguration;
			buildSettings = {
				ALWAYS_SEARCH_USER_PATHS = NO;
				ASSETCATALOG_COMPILER_GENERATE_SWIFT_ASSET_SYMBOL_EXTENSIONS = YES;
				CLANG_ANALYZER_NONNULL = YES;
				CLANG_ANALYZER_NUMBER_OBJECT_CONVERSION = YES_AGGRESSIVE;
				CLANG_CXX_LANGUAGE_STANDARD = "gnu++20";
				CLANG_ENABLE_MODULES = YES;
				CLANG_ENABLE_OBJC_ARC = YES;
				CLANG_ENABLE_OBJC_WEAK = YES;
				CLANG_WARN_BLOCK_CAPTURE_AUTORELEASING = YES;
				CLANG_WARN_BOOL_CONVERSION = YES;
				CLANG_WARN_COMMA = YES;
				CLANG_WARN_CONSTANT_CONVERSION = YES;
				CLANG_WARN_DEPRECATED_OBJC_IMPLEMENTATIONS = YES;
				CLANG_WARN_DIRECT_OBJC_ISA_USAGE = YES_ERROR;
				CLANG_WARN_DOCUMENTATION_COMMENTS = YES;
				CLANG_WARN_EMPTY_BODY = YES;
				CLANG_WARN_ENUM_CONVERSION = YES;
				CLANG_WARN_INFINITE_RECURSION = YES;
				CLANG_WARN_INT_CONVERSION = YES;
				CLANG_WARN_NON_LITERAL_NULL_CONVERSION = YES;
				CLANG_WARN_OBJC_IMPLICIT_RETAIN_SELF = YES;
				CLANG_WARN_OBJC_LITERAL_CONVERSION = YES;
				CLANG_WARN_OBJC_ROOT_CLASS = YES_ERROR;
				CLANG_WARN_QUOTED_INCLUDE_IN_FRAMEWORK_HEADER = YES;
				CLANG_WARN_RANGE_LOOP_ANALYSIS = YES;
				CLANG_WARN_STRICT_PROTOTYPES = YES;
				CLANG_WARN_SUSPICIOUS_MOVE = YES;
				CLANG_WARN_UNGUARDED_AVAILABILITY = YES_AGGRESSIVE;
				CLANG_WARN_UNREACHABLE_CODE = YES;
				CLANG_WARN__DUPLICATE_METHOD_MATCH = YES;
				COPY_PHASE_STRIP = NO;
				DEBUG_INFORMATION_FORMAT = "dwarf-with-dsym";
				ENABLE_NS_ASSERTIONS = NO;
				ENABLE_STRICT_OBJC_MSGSEND = YES;
				ENABLE_USER_SCRIPT_SANDBOXING = YES;
				GCC_C_LANGUAGE_STANDARD = gnu17;
				GCC_NO_COMMON_BLOCKS = YES;
				GCC_WARN_64_TO_32_BIT_CONVERSION = YES;
				GCC_WARN_ABOUT_RETURN_TYPE = YES_ERROR;
				GCC_WARN_UNDECLARED_SELECTOR = YES;
				GCC_WARN_UNINITIALIZED_AUTOS = YES_AGGRESSIVE;
				GCC_WARN_UNUSED_FUNCTION = YES;
				GCC_WARN_UNUSED_VARIABLE = YES;
				IPHONEOS_DEPLOYMENT_TARGET = 17.5;
				LOCALIZATION_PREFERS_STRING_CATALOGS = YES;
				MTL_ENABLE_DEBUG_INFO = NO;
				MTL_FAST_MATH = YES;
				SDKROOT = iphoneos;
				SWIFT_COMPILATION_MODE = wholemodule;
				VALIDATE_PRODUCT = YES;
			};
			name = Release;
		};
		232B1BAD2C8A478E00747136 /* Debug */ = {
			isa = XCBuildConfiguration;
			buildSettings = {
				ASSETCATALOG_COMPILER_APPICON_NAME = AppIcon;
				ASSETCATALOG_COMPILER_GLOBAL_ACCENT_COLOR_NAME = AccentColor;
				CODE_SIGN_STYLE = Automatic;
				CURRENT_PROJECT_VERSION = 1;
				DEVELOPMENT_TEAM = 3V5PBY3D89;
				GENERATE_INFOPLIST_FILE = YES;
				INFOPLIST_FILE = DataFaceExample/Resources/Info.plist;
				INFOPLIST_KEY_UIApplicationSupportsIndirectInputEvents = YES;
				INFOPLIST_KEY_UILaunchStoryboardName = LaunchScreen;
				INFOPLIST_KEY_UIMainStoryboardFile = "";
				INFOPLIST_KEY_UISupportedInterfaceOrientations_iPad = "UIInterfaceOrientationPortrait UIInterfaceOrientationPortraitUpsideDown UIInterfaceOrientationLandscapeLeft UIInterfaceOrientationLandscapeRight";
				INFOPLIST_KEY_UISupportedInterfaceOrientations_iPhone = "UIInterfaceOrientationPortrait UIInterfaceOrientationLandscapeLeft UIInterfaceOrientationLandscapeRight";
				LD_RUNPATH_SEARCH_PATHS = (
					"$(inherited)",
					"@executable_path/Frameworks",
				);
				MARKETING_VERSION = 1.0;
				PRODUCT_BUNDLE_IDENTIFIER = studio.getresult.DataFaceExample;
				PRODUCT_NAME = "$(TARGET_NAME)";
				SWIFT_EMIT_LOC_STRINGS = YES;
				SWIFT_VERSION = 5.0;
				TARGETED_DEVICE_FAMILY = "1,2";
			};
			name = Debug;
		};
		232B1BAE2C8A478E00747136 /* Release */ = {
			isa = XCBuildConfiguration;
			buildSettings = {
				ASSETCATALOG_COMPILER_APPICON_NAME = AppIcon;
				ASSETCATALOG_COMPILER_GLOBAL_ACCENT_COLOR_NAME = AccentColor;
				CODE_SIGN_STYLE = Automatic;
				CURRENT_PROJECT_VERSION = 1;
				DEVELOPMENT_TEAM = 3V5PBY3D89;
				GENERATE_INFOPLIST_FILE = YES;
				INFOPLIST_FILE = DataFaceExample/Resources/Info.plist;
				INFOPLIST_KEY_UIApplicationSupportsIndirectInputEvents = YES;
				INFOPLIST_KEY_UILaunchStoryboardName = LaunchScreen;
				INFOPLIST_KEY_UIMainStoryboardFile = "";
				INFOPLIST_KEY_UISupportedInterfaceOrientations_iPad = "UIInterfaceOrientationPortrait UIInterfaceOrientationPortraitUpsideDown UIInterfaceOrientationLandscapeLeft UIInterfaceOrientationLandscapeRight";
				INFOPLIST_KEY_UISupportedInterfaceOrientations_iPhone = "UIInterfaceOrientationPortrait UIInterfaceOrientationLandscapeLeft UIInterfaceOrientationLandscapeRight";
				LD_RUNPATH_SEARCH_PATHS = (
					"$(inherited)",
					"@executable_path/Frameworks",
				);
				MARKETING_VERSION = 1.0;
				PRODUCT_BUNDLE_IDENTIFIER = studio.getresult.DataFaceExample;
				PRODUCT_NAME = "$(TARGET_NAME)";
				SWIFT_EMIT_LOC_STRINGS = YES;
				SWIFT_VERSION = 5.0;
				TARGETED_DEVICE_FAMILY = "1,2";
			};
			name = Release;
		};
/* End XCBuildConfiguration section */

/* Begin XCConfigurationList section */
		232B1B932C8A478C00747136 /* Build configuration list for PBXProject "DataFaceExample" */ = {
			isa = XCConfigurationList;
			buildConfigurations = (
				232B1BAA2C8A478E00747136 /* Debug */,
				232B1BAB2C8A478E00747136 /* Release */,
			);
			defaultConfigurationIsVisible = 0;
			defaultConfigurationName = Release;
		};
		232B1BAC2C8A478E00747136 /* Build configuration list for PBXNativeTarget "DataFaceExample" */ = {
			isa = XCConfigurationList;
			buildConfigurations = (
				232B1BAD2C8A478E00747136 /* Debug */,
				232B1BAE2C8A478E00747136 /* Release */,
			);
			defaultConfigurationIsVisible = 0;
			defaultConfigurationName = Release;
		};
/* End XCConfigurationList section */

/* Begin XCRemoteSwiftPackageReference section */
		23C43BB12C8C338D0005D948 /* XCRemoteSwiftPackageReference "epoxy-ios" */ = {
			isa = XCRemoteSwiftPackageReference;
			repositoryURL = "https://github.com/airbnb/epoxy-ios.git";
			requirement = {
				branch = master;
				kind = branch;
			};
		};
/* End XCRemoteSwiftPackageReference section */

/* Begin XCSwiftPackageProductDependency section */
		23C43BBE2C8C4A160005D948 /* DataFace */ = {
			isa = XCSwiftPackageProductDependency;
			productName = DataFace;
		};
		23C43BC02C8C4A1A0005D948 /* Epoxy */ = {
			isa = XCSwiftPackageProductDependency;
			package = 23C43BB12C8C338D0005D948 /* XCRemoteSwiftPackageReference "epoxy-ios" */;
			productName = Epoxy;
		};
/* End XCSwiftPackageProductDependency section */
	};
	rootObject = 232B1B902C8A478C00747136 /* Project object */;
}
